# This file is automatically @generated by Poetry 1.5.4 and should not be changed by hand.

[[package]]
name = "pymupdf"
version = "1.24.8"
description = "A high performance Python library for data extraction, analysis, conversion & manipulation of PDF (and other) documents."
optional = false
python-versions = ">=3.8"
files = [
    {file = "PyMuPDF-1.24.8-cp310-none-macosx_10_9_x86_64.whl", hash = "sha256:83ab311f6e6c312d34da1fb218e049395bca278e500ee1558a62728e18328e5d"},
    {file = "PyMuPDF-1.24.8-cp310-none-macosx_11_0_arm64.whl", hash = "sha256:47bbc5be693ed7bdab15649f0daff23cc1501371102591de60d3ba0579ed8909"},
    {file = "PyMuPDF-1.24.8-cp310-none-manylinux2014_aarch64.whl", hash = "sha256:82665429fdac98a1a9ac3e426edc833e481f22734588420b02b1b70ec080d0dd"},
    {file = "PyMuPDF-1.24.8-cp310-none-manylinux2014_x86_64.whl", hash = "sha256:7ad93b70d023a2177f118070970389b2b8a051f2a0e9fb716f216c2c0120f111"},
    {file = "PyMuPDF-1.24.8-cp310-none-musllinux_1_2_x86_64.whl", hash = "sha256:70b3f1a8e20558dfbbf9e7e2d1a94f0159aeee05da9a473e6025fef37b8e9b39"},
    {file = "PyMuPDF-1.24.8-cp310-none-win32.whl", hash = "sha256:2a3fb755d00ae3527351affc190b2925e15f8a1c53ca750e1d0678508a19c6d5"},
    {file = "PyMuPDF-1.24.8-cp310-none-win_amd64.whl", hash = "sha256:1eb06fa7ef7c75605279fff1da8d23f4b1208d1cef757172427d499816768eaa"},
    {file = "PyMuPDF-1.24.8-cp311-none-macosx_10_9_x86_64.whl", hash = "sha256:cbb7c70ea651e683a6837a1c4c9c94cbf4e7a3c7d77c6b1b71ffefea799d23be"},
    {file = "PyMuPDF-1.24.8-cp311-none-macosx_11_0_arm64.whl", hash = "sha256:eb39c128bb02f172cf4984b33711890a6f3ac5648f8939b8061f7de882e6fc68"},
    {file = "PyMuPDF-1.24.8-cp311-none-manylinux2014_aarch64.whl", hash = "sha256:1ad39dcf6f3db30506cbcb442246744a894913582da891cd75d1cd224cd334b9"},
    {file = "PyMuPDF-1.24.8-cp311-none-manylinux2014_x86_64.whl", hash = "sha256:0bc042f1b99af2b3493ff1ddb6e8b757bf625c4c6a15b86bfaa7c9d1e2bb2001"},
    {file = "PyMuPDF-1.24.8-cp311-none-musllinux_1_2_x86_64.whl", hash = "sha256:71781903dd8a8231901a9377ff8617e450fc465b1fa6e3e2b93b23a64a33e583"},
    {file = "PyMuPDF-1.24.8-cp311-none-win32.whl", hash = "sha256:026c47b68771c239a43fa156bb7b462be3c539a2411f3b34fe52983a3202914d"},
    {file = "PyMuPDF-1.24.8-cp311-none-win_amd64.whl", hash = "sha256:387dc388cb1c878dba3811c9861c7d379f554f58d48a44187a2b4f820a62a6c5"},
    {file = "PyMuPDF-1.24.8-cp312-none-macosx_10_9_x86_64.whl", hash = "sha256:124d509f00672b208d9f2c53da40416a426e440ad2d94f30e21372d593f67ef5"},
    {file = "PyMuPDF-1.24.8-cp312-none-macosx_11_0_arm64.whl", hash = "sha256:008177720101ab54146b0788394e6ed91dc2ca55cabab54970db17b98aec8150"},
    {file = "PyMuPDF-1.24.8-cp312-none-manylinux2014_aarch64.whl", hash = "sha256:21ced5518ad87b2e8a5e1925efe812e3ed81f96c73bebdc6fa1bfe2fd8ef5da5"},
    {file = "PyMuPDF-1.24.8-cp312-none-manylinux2014_x86_64.whl", hash = "sha256:fa0f8191479ffdc4ab9631feb7a5a7343d9f71a528beb04dc13ef4b8bd24ea60"},
    {file = "PyMuPDF-1.24.8-cp312-none-musllinux_1_2_x86_64.whl", hash = "sha256:aff4fdcbcde62621d903cf62bb6889f4925bef6368d926968ba7a6b40a1e91c3"},
    {file = "PyMuPDF-1.24.8-cp312-none-win32.whl", hash = "sha256:511c87ec75885eb3b3590ed12231685e0015ef8b9d7f5c95eafd89d2c40aad00"},
    {file = "PyMuPDF-1.24.8-cp312-none-win_amd64.whl", hash = "sha256:a4c2acd288b367e18ae26043199417f03a04c67c77308ec9427bbe081ba0354f"},
    {file = "PyMuPDF-1.24.8-cp38-none-macosx_10_9_x86_64.whl", hash = "sha256:ebbd83b5b853d16ae5b4e77a4efe28fd0fc116ddc4620c38a3242c6d140c0840"},
    {file = "PyMuPDF-1.24.8-cp38-none-macosx_11_0_arm64.whl", hash = "sha256:963103366bc64ad62b6d5882e957b1c2305b02379d44465ed85e0a63bd18be47"},
    {file = "PyMuPDF-1.24.8-cp38-none-manylinux2014_aarch64.whl", hash = "sha256:7f890887bd132f83775ee3ae58a99d6fd4fc62e406c4193fc8a4e4cc20e4c96e"},
    {file = "PyMuPDF-1.24.8-cp38-none-manylinux2014_x86_64.whl", hash = "sha256:90b54c64739a43ecf5dfe485c2f5c9e5bc696ab200db7161e45593f362a2c5fa"},
    {file = "PyMuPDF-1.24.8-cp38-none-musllinux_1_2_x86_64.whl", hash = "sha256:190c3215a36e2d4291eac99a4d96b12445277bc5c2013b7b9f24c85be671e711"},
    {file = "PyMuPDF-1.24.8-cp38-none-win32.whl", hash = "sha256:55907aadccc0d2052cbe3bc6934a746f8e0f4cbd7d4189e37caaafbb111a1207"},
    {file = "PyMuPDF-1.24.8-cp38-none-win_amd64.whl", hash = "sha256:0fd53d87d5b0b6d84e9829fb50d893a2e830d6c47490289152168203ff5119f2"},
    {file = "PyMuPDF-1.24.8-cp39-none-macosx_10_9_x86_64.whl", hash = "sha256:aa6aa0430e285e007313309d5f201dd11eec66764098e01700577499710e1d5b"},
    {file = "PyMuPDF-1.24.8-cp39-none-macosx_11_0_arm64.whl", hash = "sha256:77edc5b7c4630b0403cbf46e8bc48f4e311d3915e0d3cd296e86c63726d2e7e9"},
    {file = "PyMuPDF-1.24.8-cp39-none-manylinux2014_aarch64.whl", hash = "sha256:0d730b6f09e0a8565d9c3eb8bfa3867340bc7135396f6085c6a6a421cadd5249"},
    {file = "PyMuPDF-1.24.8-cp39-none-manylinux2014_x86_64.whl", hash = "sha256:1b7de002d986d897f0b1a6a527ffc58633c0ed006f916814a8efee3559cbed81"},
    {file = "PyMuPDF-1.24.8-cp39-none-musllinux_1_2_x86_64.whl", hash = "sha256:032ec401290fd40e95e104b24604fad38ca71a2ca09aa7c62921150026bcc1a2"},
    {file = "PyMuPDF-1.24.8-cp39-none-win32.whl", hash = "sha256:3f6e64822bcde625e263c4dc2c3ab2c1f6fb5c81f8366708a31e22e11b9a17fa"},
    {file = "PyMuPDF-1.24.8-cp39-none-win_amd64.whl", hash = "sha256:fd4ee30964a8e32a44fa6180216e90a89c0a925505c946cf27ec10175b8b9398"},
    {file = "PyMuPDF-1.24.8.tar.gz", hash = "sha256:51c522e5824adf2317d17cf397daf9393792087a4ec772214011c11335073d6b"},
]

[package.dependencies]
PyMuPDFb = "1.24.8"

[[package]]
name = "pymupdfb"
version = "1.24.8"
description = "MuPDF shared libraries for PyMuPDF."
optional = false
python-versions = ">=3.8"
files = [
    {file = "PyMuPDFb-1.24.8-py3-none-macosx_10_9_x86_64.whl", hash = "sha256:2c2d7ba2c151789df4788b91ee100025b3f282f3797b9ea132f206d77b7f4d15"},
    {file = "PyMuPDFb-1.24.8-py3-none-macosx_11_0_arm64.whl", hash = "sha256:01a36c48e50221e9c3fa36b259afe9e7ee25a5a84d05c7e1ec0c05e76b4d6a9e"},
    {file = "PyMuPDFb-1.24.8-py3-none-manylinux2014_aarch64.manylinux_2_17_aarch64.whl", hash = "sha256:8568f9b634c6bd4351ce1ab55a1fb537740c06fdc48804f5e18a4c32041f9295"},
    {file = "PyMuPDFb-1.24.8-py3-none-manylinux2014_x86_64.manylinux_2_17_x86_64.whl", hash = "sha256:43c876b77bb28dc939baae5dd2d9a6651310a7d1bbec62aff78ff059827a8dde"},
    {file = "PyMuPDFb-1.24.8-py3-none-musllinux_1_2_x86_64.whl", hash = "sha256:e2b7f101775aaa6e4515236a9c1c4f7c76fd4ed61cca33c50a6785f1b6db3a01"},
    {file = "PyMuPDFb-1.24.8-py3-none-win32.whl", hash = "sha256:b969af722ed1313599564e991f419cdd30a874898cf826e995a0eec9cabfdcbf"},
    {file = "PyMuPDFb-1.24.8-py3-none-win_amd64.whl", hash = "sha256:8f35a9ea6efb288c83adf4ef7c834427d06f5a4e12881e87a20b18badf93a686"},
    {file = "PyMuPDFb-1.24.8.tar.gz", hash = "sha256:fd18b791be7632bccd3fb9138bb2f732db4ca0f06ebb92eec5c8ec9f52836c74"},
]

[metadata]
lock-version = "2.0"
python-versions = ">=3.10.0,<3.12"
content-hash = "bfa17003a2e7bc071b63078ad21fe41153acdf7c3a6f48a0dd8d252f96ff1c01"
